
Microsoft Visual Studio Solution File, Format Version 12.00
Project("{FAE04EC0-301F-11D3-BF4B-00C04F79EFBC}") = "AutoFake", "AutoFake\AutoFake.csproj", "{69DEBA24-1C7D-4FB6-A47E-4953F130432B}"
EndProject
Project("{FAE04EC0-301F-11D3-BF4B-00C04F79EFBC}") = "AutoFake.Tests", "Tests\AutoFake.Tests\AutoFake.Tests.csproj", "{EA8275AF-2DDA-40C0-808C-571A3CC5D7BD}"
EndProject
Project("{FAE04EC0-301F-11D3-BF4B-00C04F79EFBC}") = "AutoFake.xUnit", "AutoFake.xUnit\AutoFake.xUnit.csproj", "{DEE7B34A-18CC-44E2-A788-71C602FB1559}"
EndProject
Project("{2150E333-8FDC-42A3-9474-1A3956D46DE8}") = "Tests", "Tests", "{08810D46-55BD-464A-B707-73C028A96508}"
EndProject
Global
	GlobalSection(SolutionConfigurationPlatforms) = preSolution
		Debug|Any CPU = Debug|Any CPU
		Release|Any CPU = Release|Any CPU
	EndGlobalSection
	GlobalSection(ProjectConfigurationPlatforms) = postSolution
		{69DEBA24-1C7D-4FB6-A47E-4953F130432B}.Debug|Any CPU.ActiveCfg = Debug|Any CPU
		{69DEBA24-1C7D-4FB6-A47E-4953F130432B}.Debug|Any CPU.Build.0 = Debug|Any CPU
		{69DEBA24-1C7D-4FB6-A47E-4953F130432B}.Release|Any CPU.ActiveCfg = Release|Any CPU
		{69DEBA24-1C7D-4FB6-A47E-4953F130432B}.Release|Any CPU.Build.0 = Release|Any CPU
		{EA8275AF-2DDA-40C0-808C-571A3CC5D7BD}.Debug|Any CPU.ActiveCfg = Debug|Any CPU
		{EA8275AF-2DDA-40C0-808C-571A3CC5D7BD}.Debug|Any CPU.Build.0 = Debug|Any CPU
		{EA8275AF-2DDA-40C0-808C-571A3CC5D7BD}.Release|Any CPU.ActiveCfg = Release|Any CPU
		{EA8275AF-2DDA-40C0-808C-571A3CC5D7BD}.Release|Any CPU.Build.0 = Release|Any CPU
		{DEE7B34A-18CC-44E2-A788-71C602FB1559}.Debug|Any CPU.ActiveCfg = Debug|Any CPU
		{DEE7B34A-18CC-44E2-A788-71C602FB1559}.Debug|Any CPU.Build.0 = Debug|Any CPU
		{DEE7B34A-18CC-44E2-A788-71C602FB1559}.Release|Any CPU.ActiveCfg = Release|Any CPU
		{DEE7B34A-18CC-44E2-A788-71C602FB1559}.Release|Any CPU.Build.0 = Release|Any CPU
	EndGlobalSection
	GlobalSection(NestedProjects) = preSolution
		{EA8275AF-2DDA-40C0-808C-571A3CC5D7BD} = {08810D46-55BD-464A-B707-73C028A96508}
	EndGlobalSection
EndGlobal
