
Microsoft Visual Studio Solution File, Format Version 12.00
# Visual Studio Version 16
VisualStudioVersion = 16.0.29806.167
MinimumVisualStudioVersion = 10.0.40219.1
Project("{9A19103F-16F7-4668-BE54-9A1E7A4F7556}") = "AutoFake", "AutoFake\AutoFake.csproj", "{8A751994-4AE2-40B9-8ED0-2B4875F3CAFC}"
EndProject
Project("{9A19103F-16F7-4668-BE54-9A1E7A4F7556}") = "AutoFake.FunctionalTests", "Tests\AutoFake.FunctionalTests\AutoFake.FunctionalTests.csproj", "{DE4906FF-906E-447E-A915-A6DEE7DC9607}"
EndProject
Project("{9A19103F-16F7-4668-BE54-9A1E7A4F7556}") = "AutoFake.UnitTests", "Tests\AutoFake.UnitTests\AutoFake.UnitTests.csproj", "{C0452B69-74FE-4789-92C1-60ACAA26479E}"
EndProject
Project("{9A19103F-16F7-4668-BE54-9A1E7A4F7556}") = "Sut", "Tests\Sut\Sut.csproj", "{777A53F2-7597-47FC-9138-635978526B6B}"
EndProject
Project("{2150E333-8FDC-42A3-9474-1A3956D46DE8}") = "Tests", "Tests", "{97C271BC-B647-4141-952C-6680CE796CF3}"
EndProject
Project("{FAE04EC0-301F-11D3-BF4B-00C04F79EFBC}") = "AnotherSut", "Tests\AnotherSut\AnotherSut.csproj", "{4DFDF89F-A203-4E23-8CD3-4A9FDC7FFB59}"
EndProject
Global
	GlobalSection(SolutionConfigurationPlatforms) = preSolution
		Debug|Any CPU = Debug|Any CPU
		Release|Any CPU = Release|Any CPU
	EndGlobalSection
	GlobalSection(ProjectConfigurationPlatforms) = postSolution
		{8A751994-4AE2-40B9-8ED0-2B4875F3CAFC}.Debug|Any CPU.ActiveCfg = Debug|Any CPU
		{8A751994-4AE2-40B9-8ED0-2B4875F3CAFC}.Debug|Any CPU.Build.0 = Debug|Any CPU
		{8A751994-4AE2-40B9-8ED0-2B4875F3CAFC}.Release|Any CPU.ActiveCfg = Release|Any CPU
		{8A751994-4AE2-40B9-8ED0-2B4875F3CAFC}.Release|Any CPU.Build.0 = Release|Any CPU
		{DE4906FF-906E-447E-A915-A6DEE7DC9607}.Debug|Any CPU.ActiveCfg = Debug|Any CPU
		{DE4906FF-906E-447E-A915-A6DEE7DC9607}.Debug|Any CPU.Build.0 = Debug|Any CPU
		{DE4906FF-906E-447E-A915-A6DEE7DC9607}.Release|Any CPU.ActiveCfg = Release|Any CPU
		{DE4906FF-906E-447E-A915-A6DEE7DC9607}.Release|Any CPU.Build.0 = Release|Any CPU
		{C0452B69-74FE-4789-92C1-60ACAA26479E}.Debug|Any CPU.ActiveCfg = Debug|Any CPU
		{C0452B69-74FE-4789-92C1-60ACAA26479E}.Debug|Any CPU.Build.0 = Debug|Any CPU
		{C0452B69-74FE-4789-92C1-60ACAA26479E}.Release|Any CPU.ActiveCfg = Release|Any CPU
		{C0452B69-74FE-4789-92C1-60ACAA26479E}.Release|Any CPU.Build.0 = Release|Any CPU
		{777A53F2-7597-47FC-9138-635978526B6B}.Debug|Any CPU.ActiveCfg = Debug|Any CPU
		{777A53F2-7597-47FC-9138-635978526B6B}.Debug|Any CPU.Build.0 = Debug|Any CPU
		{777A53F2-7597-47FC-9138-635978526B6B}.Release|Any CPU.ActiveCfg = Release|Any CPU
		{777A53F2-7597-47FC-9138-635978526B6B}.Release|Any CPU.Build.0 = Release|Any CPU
		{4DFDF89F-A203-4E23-8CD3-4A9FDC7FFB59}.Debug|Any CPU.ActiveCfg = Debug|Any CPU
		{4DFDF89F-A203-4E23-8CD3-4A9FDC7FFB59}.Debug|Any CPU.Build.0 = Debug|Any CPU
		{4DFDF89F-A203-4E23-8CD3-4A9FDC7FFB59}.Release|Any CPU.ActiveCfg = Release|Any CPU
		{4DFDF89F-A203-4E23-8CD3-4A9FDC7FFB59}.Release|Any CPU.Build.0 = Release|Any CPU
	EndGlobalSection
	GlobalSection(SolutionProperties) = preSolution
		HideSolutionNode = FALSE
	EndGlobalSection
	GlobalSection(NestedProjects) = preSolution
		{DE4906FF-906E-447E-A915-A6DEE7DC9607} = {97C271BC-B647-4141-952C-6680CE796CF3}
		{C0452B69-74FE-4789-92C1-60ACAA26479E} = {97C271BC-B647-4141-952C-6680CE796CF3}
		{777A53F2-7597-47FC-9138-635978526B6B} = {97C271BC-B647-4141-952C-6680CE796CF3}
		{4DFDF89F-A203-4E23-8CD3-4A9FDC7FFB59} = {97C271BC-B647-4141-952C-6680CE796CF3}
	EndGlobalSection
	GlobalSection(ExtensibilityGlobals) = postSolution
		SolutionGuid = {1B822FCF-ED26-4493-8154-373E8632F23F}
	EndGlobalSection
EndGlobal
